
Microsoft Visual Studio Solution File, Format Version 12.00
# Visual Studio Version 16
VisualStudioVersion = 16.0.31911.196
MinimumVisualStudioVersion = 10.0.40219.1
Project("{FAE04EC0-301F-11D3-BF4B-00C04F79EFBC}") = "ERISMobileWebAPI", "ERISMobileWebAPI\ERISMobileWebAPI.csproj", "{D1329BD1-2BAB-4090-A7AC-56A4CA999832}"
EndProject
Global
	GlobalSection(SolutionConfigurationPlatforms) = preSolution
		Debug|Any CPU = Debug|Any CPU
		Release|Any CPU = Release|Any CPU
	EndGlobalSection
	GlobalSection(ProjectConfigurationPlatforms) = postSolution
		{D1329BD1-2BAB-4090-A7AC-56A4CA999832}.Debug|Any CPU.ActiveCfg = Debug|Any CPU
		{D1329BD1-2BAB-4090-A7AC-56A4CA999832}.Debug|Any CPU.Build.0 = Debug|Any CPU
		{D1329BD1-2BAB-4090-A7AC-56A4CA999832}.Release|Any CPU.ActiveCfg = Release|Any CPU
		{D1329BD1-2BAB-4090-A7AC-56A4CA999832}.Release|Any CPU.Build.0 = Release|Any CPU
	EndGlobalSection
	GlobalSection(SolutionProperties) = preSolution
		HideSolutionNode = FALSE
	EndGlobalSection
	GlobalSection(ExtensibilityGlobals) = postSolution
		SolutionGuid = {C7EB1FCF-2924-4DDE-8B74-9CD5B24D7DB3}
	EndGlobalSection
EndGlobal
