
Microsoft Visual Studio Solution File, Format Version 12.00
# Visual Studio Version 16
VisualStudioVersion = 16.0.31829.152
MinimumVisualStudioVersion = 10.0.40219.1
Project("{FAE04EC0-301F-11D3-BF4B-00C04F79EFBC}") = "CalTrans.Android", "CalTrans\CalTrans.Android\CalTrans.Android.csproj", "{C7BC29BA-8CBE-43AA-BBEF-BDCAE51ECC89}"
EndProject
Project("{FAE04EC0-301F-11D3-BF4B-00C04F79EFBC}") = "CalTrans.iOS", "CalTrans\CalTrans.iOS\CalTrans.iOS.csproj", "{6E5215F5-BE8E-4BB3-B659-36DF8E6F7AD7}"
EndProject
Project("{FAE04EC0-301F-11D3-BF4B-00C04F79EFBC}") = "CalTrans", "CalTrans\CalTrans\CalTrans.csproj", "{B2596294-EA43-4840-BE43-C6CBC42C5D77}"
EndProject
Global
	GlobalSection(SolutionConfigurationPlatforms) = preSolution
		Debug|Any CPU = Debug|Any CPU
		Debug|iPhone = Debug|iPhone
		Debug|iPhoneSimulator = Debug|iPhoneSimulator
		Release|Any CPU = Release|Any CPU
		Release|iPhone = Release|iPhone
		Release|iPhoneSimulator = Release|iPhoneSimulator
	EndGlobalSection
	GlobalSection(ProjectConfigurationPlatforms) = postSolution
		{C7BC29BA-8CBE-43AA-BBEF-BDCAE51ECC89}.Debug|Any CPU.ActiveCfg = Debug|Any CPU
		{C7BC29BA-8CBE-43AA-BBEF-BDCAE51ECC89}.Debug|Any CPU.Build.0 = Debug|Any CPU
		{C7BC29BA-8CBE-43AA-BBEF-BDCAE51ECC89}.Debug|Any CPU.Deploy.0 = Debug|Any CPU
		{C7BC29BA-8CBE-43AA-BBEF-BDCAE51ECC89}.Debug|iPhone.ActiveCfg = Debug|Any CPU
		{C7BC29BA-8CBE-43AA-BBEF-BDCAE51ECC89}.Debug|iPhone.Build.0 = Debug|Any CPU
		{C7BC29BA-8CBE-43AA-BBEF-BDCAE51ECC89}.Debug|iPhone.Deploy.0 = Debug|Any CPU
		{C7BC29BA-8CBE-43AA-BBEF-BDCAE51ECC89}.Debug|iPhoneSimulator.ActiveCfg = Debug|Any CPU
		{C7BC29BA-8CBE-43AA-BBEF-BDCAE51ECC89}.Debug|iPhoneSimulator.Build.0 = Debug|Any CPU
		{C7BC29BA-8CBE-43AA-BBEF-BDCAE51ECC89}.Debug|iPhoneSimulator.Deploy.0 = Debug|Any CPU
		{C7BC29BA-8CBE-43AA-BBEF-BDCAE51ECC89}.Release|Any CPU.ActiveCfg = Release|Any CPU
		{C7BC29BA-8CBE-43AA-BBEF-BDCAE51ECC89}.Release|Any CPU.Build.0 = Release|Any CPU
		{C7BC29BA-8CBE-43AA-BBEF-BDCAE51ECC89}.Release|Any CPU.Deploy.0 = Release|Any CPU
		{C7BC29BA-8CBE-43AA-BBEF-BDCAE51ECC89}.Release|iPhone.ActiveCfg = Release|Any CPU
		{C7BC29BA-8CBE-43AA-BBEF-BDCAE51ECC89}.Release|iPhone.Build.0 = Release|Any CPU
		{C7BC29BA-8CBE-43AA-BBEF-BDCAE51ECC89}.Release|iPhone.Deploy.0 = Release|Any CPU
		{C7BC29BA-8CBE-43AA-BBEF-BDCAE51ECC89}.Release|iPhoneSimulator.ActiveCfg = Release|Any CPU
		{C7BC29BA-8CBE-43AA-BBEF-BDCAE51ECC89}.Release|iPhoneSimulator.Build.0 = Release|Any CPU
		{C7BC29BA-8CBE-43AA-BBEF-BDCAE51ECC89}.Release|iPhoneSimulator.Deploy.0 = Release|Any CPU
		{6E5215F5-BE8E-4BB3-B659-36DF8E6F7AD7}.Debug|Any CPU.ActiveCfg = Debug|iPhone
		{6E5215F5-BE8E-4BB3-B659-36DF8E6F7AD7}.Debug|Any CPU.Build.0 = Debug|iPhone
		{6E5215F5-BE8E-4BB3-B659-36DF8E6F7AD7}.Debug|Any CPU.Deploy.0 = Debug|iPhone
		{6E5215F5-BE8E-4BB3-B659-36DF8E6F7AD7}.Debug|iPhone.ActiveCfg = Debug|iPhone
		{6E5215F5-BE8E-4BB3-B659-36DF8E6F7AD7}.Debug|iPhone.Build.0 = Debug|iPhone
		{6E5215F5-BE8E-4BB3-B659-36DF8E6F7AD7}.Debug|iPhone.Deploy.0 = Debug|iPhone
		{6E5215F5-BE8E-4BB3-B659-36DF8E6F7AD7}.Debug|iPhoneSimulator.ActiveCfg = Debug|iPhoneSimulator
		{6E5215F5-BE8E-4BB3-B659-36DF8E6F7AD7}.Debug|iPhoneSimulator.Build.0 = Debug|iPhoneSimulator
		{6E5215F5-BE8E-4BB3-B659-36DF8E6F7AD7}.Debug|iPhoneSimulator.Deploy.0 = Debug|iPhoneSimulator
		{6E5215F5-BE8E-4BB3-B659-36DF8E6F7AD7}.Release|Any CPU.ActiveCfg = Release|iPhoneSimulator
		{6E5215F5-BE8E-4BB3-B659-36DF8E6F7AD7}.Release|Any CPU.Build.0 = Release|iPhoneSimulator
		{6E5215F5-BE8E-4BB3-B659-36DF8E6F7AD7}.Release|Any CPU.Deploy.0 = Release|iPhoneSimulator
		{6E5215F5-BE8E-4BB3-B659-36DF8E6F7AD7}.Release|iPhone.ActiveCfg = Release|iPhone
		{6E5215F5-BE8E-4BB3-B659-36DF8E6F7AD7}.Release|iPhone.Build.0 = Release|iPhone
		{6E5215F5-BE8E-4BB3-B659-36DF8E6F7AD7}.Release|iPhone.Deploy.0 = Release|iPhone
		{6E5215F5-BE8E-4BB3-B659-36DF8E6F7AD7}.Release|iPhoneSimulator.ActiveCfg = Release|iPhoneSimulator
		{6E5215F5-BE8E-4BB3-B659-36DF8E6F7AD7}.Release|iPhoneSimulator.Build.0 = Release|iPhoneSimulator
		{6E5215F5-BE8E-4BB3-B659-36DF8E6F7AD7}.Release|iPhoneSimulator.Deploy.0 = Release|iPhoneSimulator
		{B2596294-EA43-4840-BE43-C6CBC42C5D77}.Debug|Any CPU.ActiveCfg = Debug|Any CPU
		{B2596294-EA43-4840-BE43-C6CBC42C5D77}.Debug|Any CPU.Build.0 = Debug|Any CPU
		{B2596294-EA43-4840-BE43-C6CBC42C5D77}.Debug|Any CPU.Deploy.0 = Debug|Any CPU
		{B2596294-EA43-4840-BE43-C6CBC42C5D77}.Debug|iPhone.ActiveCfg = Debug|Any CPU
		{B2596294-EA43-4840-BE43-C6CBC42C5D77}.Debug|iPhone.Build.0 = Debug|Any CPU
		{B2596294-EA43-4840-BE43-C6CBC42C5D77}.Debug|iPhone.Deploy.0 = Debug|Any CPU
		{B2596294-EA43-4840-BE43-C6CBC42C5D77}.Debug|iPhoneSimulator.ActiveCfg = Debug|Any CPU
		{B2596294-EA43-4840-BE43-C6CBC42C5D77}.Debug|iPhoneSimulator.Build.0 = Debug|Any CPU
		{B2596294-EA43-4840-BE43-C6CBC42C5D77}.Debug|iPhoneSimulator.Deploy.0 = Debug|Any CPU
		{B2596294-EA43-4840-BE43-C6CBC42C5D77}.Release|Any CPU.ActiveCfg = Release|Any CPU
		{B2596294-EA43-4840-BE43-C6CBC42C5D77}.Release|Any CPU.Build.0 = Release|Any CPU
		{B2596294-EA43-4840-BE43-C6CBC42C5D77}.Release|Any CPU.Deploy.0 = Release|Any CPU
		{B2596294-EA43-4840-BE43-C6CBC42C5D77}.Release|iPhone.ActiveCfg = Release|Any CPU
		{B2596294-EA43-4840-BE43-C6CBC42C5D77}.Release|iPhone.Build.0 = Release|Any CPU
		{B2596294-EA43-4840-BE43-C6CBC42C5D77}.Release|iPhone.Deploy.0 = Release|Any CPU
		{B2596294-EA43-4840-BE43-C6CBC42C5D77}.Release|iPhoneSimulator.ActiveCfg = Release|Any CPU
		{B2596294-EA43-4840-BE43-C6CBC42C5D77}.Release|iPhoneSimulator.Build.0 = Release|Any CPU
		{B2596294-EA43-4840-BE43-C6CBC42C5D77}.Release|iPhoneSimulator.Deploy.0 = Release|Any CPU
	EndGlobalSection
	GlobalSection(SolutionProperties) = preSolution
		HideSolutionNode = FALSE
	EndGlobalSection
	GlobalSection(ExtensibilityGlobals) = postSolution
		SolutionGuid = {E13E53C6-2B1C-4B74-8359-8F028A647E3A}
	EndGlobalSection
EndGlobal
